{
  "requires": true,
  "lockfileVersion": 1,
  "dependencies": {
    "moment": {
      "version": "2.20.1",
      "resolved": "https://registry.npmjs.org/moment/-/moment-2.20.1.tgz",
      "integrity": "sha512-Yh9y73JRljxW5QxN08Fner68eFLxM5ynNOAw2LbIB1YAGeQzZT8QFSUvkAz609Zf+IHhhaUxqZK8dG3W/+HEvg=="
    },
    "react-widgets-moment": {
      "version": "4.0.4",
      "resolved": "https://registry.npmjs.org/react-widgets-moment/-/react-widgets-moment-4.0.4.tgz",
      "integrity": "sha512-PVXk799rVwFBSz2iKPHMiA4OqfN1d5IjtmX8pwSI7vzqagHp12ZYTWWOmCJeWEMwN0YNrpVqTNIKIg/qgKD0Uw=="
    }
  }
}
